
Microsoft Visual Studio Solution File, Format Version 12.00
# Visual Studio Version 16
VisualStudioVersion = 16.0.32602.291
MinimumVisualStudioVersion = 10.0.40219.1
Project("{FAE04EC0-301F-11D3-BF4B-00C04F79EFBC}") = "BudgetSeniceProject", "BudgetSenice\BudgetSeniceProject.csproj", "{FFF34D0A-6B16-4D63-9702-9FCED03EE96C}"
EndProject
Global
	GlobalSection(SolutionConfigurationPlatforms) = preSolution
		Debug|Any CPU = Debug|Any CPU
		Release|Any CPU = Release|Any CPU
	EndGlobalSection
	GlobalSection(ProjectConfigurationPlatforms) = postSolution
		{FFF34D0A-6B16-4D63-9702-9FCED03EE96C}.Debug|Any CPU.ActiveCfg = Debug|Any CPU
		{FFF34D0A-6B16-4D63-9702-9FCED03EE96C}.Debug|Any CPU.Build.0 = Debug|Any CPU
		{FFF34D0A-6B16-4D63-9702-9FCED03EE96C}.Release|Any CPU.ActiveCfg = Release|Any CPU
		{FFF34D0A-6B16-4D63-9702-9FCED03EE96C}.Release|Any CPU.Build.0 = Release|Any CPU
	EndGlobalSection
	GlobalSection(SolutionProperties) = preSolution
		HideSolutionNode = FALSE
	EndGlobalSection
	GlobalSection(ExtensibilityGlobals) = postSolution
		SolutionGuid = {53C08E6A-1728-4415-8E70-A5ABECD18D07}
	EndGlobalSection
EndGlobal
